
Microsoft Visual Studio Solution File, Format Version 12.00
# Visual Studio 14
VisualStudioVersion = 14.0.25420.1
MinimumVisualStudioVersion = 10.0.40219.1
Project("{FAE04EC0-301F-11D3-BF4B-00C04F79EFBC}") = "161002604_陈立德", "161002604_陈立德\161002604_陈立德.csproj", "{0CE9AB51-826C-4D77-B817-4C200BF315E9}"
EndProject
Project("{54435603-DBB4-11D2-8724-00A0C9A8B90C}") = "Setup1", "Setup1\Setup1.vdproj", "{30595588-5083-4094-8D8A-FA49DC37C698}"
EndProject
Global
	GlobalSection(SolutionConfigurationPlatforms) = preSolution
		Debug|Any CPU = Debug|Any CPU
		Release|Any CPU = Release|Any CPU
	EndGlobalSection
	GlobalSection(ProjectConfigurationPlatforms) = postSolution
		{0CE9AB51-826C-4D77-B817-4C200BF315E9}.Debug|Any CPU.ActiveCfg = Debug|Any CPU
		{0CE9AB51-826C-4D77-B817-4C200BF315E9}.Debug|Any CPU.Build.0 = Debug|Any CPU
		{0CE9AB51-826C-4D77-B817-4C200BF315E9}.Release|Any CPU.ActiveCfg = Release|Any CPU
		{0CE9AB51-826C-4D77-B817-4C200BF315E9}.Release|Any CPU.Build.0 = Release|Any CPU
		{30595588-5083-4094-8D8A-FA49DC37C698}.Debug|Any CPU.ActiveCfg = Debug
		{30595588-5083-4094-8D8A-FA49DC37C698}.Release|Any CPU.ActiveCfg = Release
	EndGlobalSection
	GlobalSection(SolutionProperties) = preSolution
		HideSolutionNode = FALSE
	EndGlobalSection
EndGlobal
